
Microsoft Visual Studio Solution File, Format Version 12.00
# Visual Studio Version 17
VisualStudioVersion = 17.8.34330.188
MinimumVisualStudioVersion = 10.0.40219.1
Project("{FAE04EC0-301F-11D3-BF4B-00C04F79EFBC}") = "EstateAgentAPI", "EstateAgentAPI\EstateAgentAPI.csproj", "{3D613DAE-8141-4D19-BABA-51071CBB43E4}"
EndProject
Project("{FAE04EC0-301F-11D3-BF4B-00C04F79EFBC}") = "EstateAgentUnitTests", "EstateAgentUnitTests\EstateAgentUnitTests.csproj", "{A96FC80F-7A0F-4AFF-8D32-28D22587E2CF}"
EndProject
Global
	GlobalSection(SolutionConfigurationPlatforms) = preSolution
		Debug|Any CPU = Debug|Any CPU
		Release|Any CPU = Release|Any CPU
	EndGlobalSection
	GlobalSection(ProjectConfigurationPlatforms) = postSolution
		{3D613DAE-8141-4D19-BABA-51071CBB43E4}.Debug|Any CPU.ActiveCfg = Debug|Any CPU
		{3D613DAE-8141-4D19-BABA-51071CBB43E4}.Debug|Any CPU.Build.0 = Debug|Any CPU
		{3D613DAE-8141-4D19-BABA-51071CBB43E4}.Release|Any CPU.ActiveCfg = Release|Any CPU
		{3D613DAE-8141-4D19-BABA-51071CBB43E4}.Release|Any CPU.Build.0 = Release|Any CPU
		{A96FC80F-7A0F-4AFF-8D32-28D22587E2CF}.Debug|Any CPU.ActiveCfg = Debug|Any CPU
		{A96FC80F-7A0F-4AFF-8D32-28D22587E2CF}.Debug|Any CPU.Build.0 = Debug|Any CPU
		{A96FC80F-7A0F-4AFF-8D32-28D22587E2CF}.Release|Any CPU.ActiveCfg = Release|Any CPU
		{A96FC80F-7A0F-4AFF-8D32-28D22587E2CF}.Release|Any CPU.Build.0 = Release|Any CPU
	EndGlobalSection
	GlobalSection(SolutionProperties) = preSolution
		HideSolutionNode = FALSE
	EndGlobalSection
	GlobalSection(ExtensibilityGlobals) = postSolution
		SolutionGuid = {85479B2E-6EFE-4A3A-95E5-3E92A279CC6F}
	EndGlobalSection
EndGlobal
